// !$*UTF8*$!
{
	archiveVersion = 1;
	classes = {
	};
	objectVersion = 56;
	objects = {

/* Begin PBXBuildFile section */
		0830FA8C29E96FE500C949BA /* DateFact.swift in Sources */ = {isa = PBXBuildFile; fileRef = 0830FA8B29E96FE500C949BA /* DateFact.swift */; };
		0830FA9429E9849F00C949BA /* NumberologyTests.swift in Sources */ = {isa = PBXBuildFile; fileRef = 0830FA9329E9849F00C949BA /* NumberologyTests.swift */; };
		083E57BD29E1BC1A007CBAE5 /* Spacer.swift in Sources */ = {isa = PBXBuildFile; fileRef = 083E57BC29E1BC1A007CBAE5 /* Spacer.swift */; };
		083E57BF29E1BDF0007CBAE5 /* UIViewController+Alert.swift in Sources */ = {isa = PBXBuildFile; fileRef = 083E57BE29E1BDF0007CBAE5 /* UIViewController+Alert.swift */; };
		083E57C129E1C8FE007CBAE5 /* DicesView.swift in Sources */ = {isa = PBXBuildFile; fileRef = 083E57C029E1C8FE007CBAE5 /* DicesView.swift */; };
		083E57C329E20E06007CBAE5 /* DateNumbersView.swift in Sources */ = {isa = PBXBuildFile; fileRef = 083E57C229E20E06007CBAE5 /* DateNumbersView.swift */; };
		083E57C729E2211B007CBAE5 /* Month.swift in Sources */ = {isa = PBXBuildFile; fileRef = 083E57C629E2211A007CBAE5 /* Month.swift */; };
		083E57CA29E2D4C6007CBAE5 /* NetworkManagerError.swift in Sources */ = {isa = PBXBuildFile; fileRef = 083E57C929E2D4C6007CBAE5 /* NetworkManagerError.swift */; };
		086FC0F929DEEA9B00E7F99E /* SnapKit in Frameworks */ = {isa = PBXBuildFile; productRef = 086FC0F829DEEA9B00E7F99E /* SnapKit */; };
		086FC0FB29DF226200E7F99E /* NumberInputTextField.swift in Sources */ = {isa = PBXBuildFile; fileRef = 086FC0FA29DF226200E7F99E /* NumberInputTextField.swift */; };
		08897A6929DD941A0058A7A0 /* AppDelegate.swift in Sources */ = {isa = PBXBuildFile; fileRef = 08897A6829DD941A0058A7A0 /* AppDelegate.swift */; };
		08897A6D29DD941A0058A7A0 /* NumbersViewController.swift in Sources */ = {isa = PBXBuildFile; fileRef = 08897A6C29DD941A0058A7A0 /* NumbersViewController.swift */; };
		08897A7229DD941B0058A7A0 /* Assets.xcassets in Resources */ = {isa = PBXBuildFile; fileRef = 08897A7129DD941B0058A7A0 /* Assets.xcassets */; };
		08897A7529DD941B0058A7A0 /* LaunchScreen.storyboard in Resources */ = {isa = PBXBuildFile; fileRef = 08897A7329DD941B0058A7A0 /* LaunchScreen.storyboard */; };
		088D6D6629DDC72C0045C092 /* NumbersOption.swift in Sources */ = {isa = PBXBuildFile; fileRef = 088D6D6529DDC72B0045C092 /* NumbersOption.swift */; };
		088D6D6829DDC7AB0045C092 /* UserNumberView.swift in Sources */ = {isa = PBXBuildFile; fileRef = 088D6D6729DDC7AB0045C092 /* UserNumberView.swift */; };
		088D6D6F29DDC83D0045C092 /* Constants.swift in Sources */ = {isa = PBXBuildFile; fileRef = 088D6D6E29DDC83D0045C092 /* Constants.swift */; };
		088D6D7429DE09650045C092 /* UIButton+Selected.swift in Sources */ = {isa = PBXBuildFile; fileRef = 088D6D7329DE09650045C092 /* UIButton+Selected.swift */; };
		088D6D7829DE0A480045C092 /* RandomNumberView.swift in Sources */ = {isa = PBXBuildFile; fileRef = 088D6D7729DE0A480045C092 /* RandomNumberView.swift */; };
		088D6D7C29DE0D6F0045C092 /* OpenSans-SemiBold.ttf in Resources */ = {isa = PBXBuildFile; fileRef = 088D6D7A29DE0D6F0045C092 /* OpenSans-SemiBold.ttf */; };
		088D6D7D29DE0D6F0045C092 /* OpenSans-Regular.ttf in Resources */ = {isa = PBXBuildFile; fileRef = 088D6D7B29DE0D6F0045C092 /* OpenSans-Regular.ttf */; };
		088D6D8029DE110B0045C092 /* UIColor+CustomColors.swift in Sources */ = {isa = PBXBuildFile; fileRef = 088D6D7F29DE110B0045C092 /* UIColor+CustomColors.swift */; };
		088D6D8229DE13EC0045C092 /* UIView+Border.swift in Sources */ = {isa = PBXBuildFile; fileRef = 088D6D8129DE13EC0045C092 /* UIView+Border.swift */; };
		088D6D8629DE16390045C092 /* DefaultStyleLabel.swift in Sources */ = {isa = PBXBuildFile; fileRef = 088D6D8529DE16390045C092 /* DefaultStyleLabel.swift */; };
		088D6D8829DE168B0045C092 /* UIFont+CustomFonts.swift in Sources */ = {isa = PBXBuildFile; fileRef = 088D6D8729DE168B0045C092 /* UIFont+CustomFonts.swift */; };
		088D6D8A29DE1C110045C092 /* OperationButton.swift in Sources */ = {isa = PBXBuildFile; fileRef = 088D6D8929DE1C110045C092 /* OperationButton.swift */; };
		088D6D8C29DE20860045C092 /* UIView+Shadow.swift in Sources */ = {isa = PBXBuildFile; fileRef = 088D6D8B29DE20860045C092 /* UIView+Shadow.swift */; };
		088D6D8E29DE249F0045C092 /* NumberInRangeView.swift in Sources */ = {isa = PBXBuildFile; fileRef = 088D6D8D29DE249F0045C092 /* NumberInRangeView.swift */; };
		088D6D9029DE24AA0045C092 /* MultipleNumbersView.swift in Sources */ = {isa = PBXBuildFile; fileRef = 088D6D8F29DE24AA0045C092 /* MultipleNumbersView.swift */; };
		08BE8C5E29E0417800D3343D /* NetworkManager.swift in Sources */ = {isa = PBXBuildFile; fileRef = 08BE8C5D29E0417800D3343D /* NetworkManager.swift */; };
		08BE8C6029E07DB900D3343D /* FactTableViewCell.swift in Sources */ = {isa = PBXBuildFile; fileRef = 08BE8C5F29E07DB900D3343D /* FactTableViewCell.swift */; };
		08BE8C6229E080E500D3343D /* FactTableViewController.swift in Sources */ = {isa = PBXBuildFile; fileRef = 08BE8C6129E080E500D3343D /* FactTableViewController.swift */; };
		08BE8C6429E0C03300D3343D /* UIView+BlurLoader.swift in Sources */ = {isa = PBXBuildFile; fileRef = 08BE8C6329E0C03300D3343D /* UIView+BlurLoader.swift */; };
		08BF7D9929E6C35F0071B7DC /* NumberFact.swift in Sources */ = {isa = PBXBuildFile; fileRef = 08BF7D9829E6C35F0071B7DC /* NumberFact.swift */; };
/* End PBXBuildFile section */

/* Begin PBXContainerItemProxy section */
		0830FA9529E9849F00C949BA /* PBXContainerItemProxy */ = {
			isa = PBXContainerItemProxy;
			containerPortal = 08897A5D29DD941A0058A7A0 /* Project object */;
			proxyType = 1;
			remoteGlobalIDString = 08897A6429DD941A0058A7A0;
			remoteInfo = Numberology;
		};
/* End PBXContainerItemProxy section */

/* Begin PBXFileReference section */
		0830FA8B29E96FE500C949BA /* DateFact.swift */ = {isa = PBXFileReference; lastKnownFileType = sourcecode.swift; path = DateFact.swift; sourceTree = "<group>"; };
		0830FA9129E9849F00C949BA /* NumberologyTests.xctest */ = {isa = PBXFileReference; explicitFileType = wrapper.cfbundle; includeInIndex = 0; path = NumberologyTests.xctest; sourceTree = BUILT_PRODUCTS_DIR; };
		0830FA9329E9849F00C949BA /* NumberologyTests.swift */ = {isa = PBXFileReference; lastKnownFileType = sourcecode.swift; path = NumberologyTests.swift; sourceTree = "<group>"; };
		083E57BC29E1BC1A007CBAE5 /* Spacer.swift */ = {isa = PBXFileReference; lastKnownFileType = sourcecode.swift; path = Spacer.swift; sourceTree = "<group>"; };
		083E57BE29E1BDF0007CBAE5 /* UIViewController+Alert.swift */ = {isa = PBXFileReference; lastKnownFileType = sourcecode.swift; path = "UIViewController+Alert.swift"; sourceTree = "<group>"; };
		083E57C029E1C8FE007CBAE5 /* DicesView.swift */ = {isa = PBXFileReference; lastKnownFileType = sourcecode.swift; path = DicesView.swift; sourceTree = "<group>"; };
		083E57C229E20E06007CBAE5 /* DateNumbersView.swift */ = {isa = PBXFileReference; lastKnownFileType = sourcecode.swift; path = DateNumbersView.swift; sourceTree = "<group>"; };
		083E57C629E2211A007CBAE5 /* Month.swift */ = {isa = PBXFileReference; lastKnownFileType = sourcecode.swift; path = Month.swift; sourceTree = "<group>"; };
		083E57C929E2D4C6007CBAE5 /* NetworkManagerError.swift */ = {isa = PBXFileReference; lastKnownFileType = sourcecode.swift; path = NetworkManagerError.swift; sourceTree = "<group>"; };
		086FC0FA29DF226200E7F99E /* NumberInputTextField.swift */ = {isa = PBXFileReference; lastKnownFileType = sourcecode.swift; path = NumberInputTextField.swift; sourceTree = "<group>"; };
		08897A6529DD941A0058A7A0 /* Numberology.app */ = {isa = PBXFileReference; explicitFileType = wrapper.application; includeInIndex = 0; path = Numberology.app; sourceTree = BUILT_PRODUCTS_DIR; };
		08897A6829DD941A0058A7A0 /* AppDelegate.swift */ = {isa = PBXFileReference; lastKnownFileType = sourcecode.swift; path = AppDelegate.swift; sourceTree = "<group>"; };
		08897A6C29DD941A0058A7A0 /* NumbersViewController.swift */ = {isa = PBXFileReference; lastKnownFileType = sourcecode.swift; path = NumbersViewController.swift; sourceTree = "<group>"; };
		08897A7129DD941B0058A7A0 /* Assets.xcassets */ = {isa = PBXFileReference; lastKnownFileType = folder.assetcatalog; path = Assets.xcassets; sourceTree = "<group>"; };
		08897A7429DD941B0058A7A0 /* Base */ = {isa = PBXFileReference; lastKnownFileType = file.storyboard; name = Base; path = Base.lproj/LaunchScreen.storyboard; sourceTree = "<group>"; };
		08897A7629DD941B0058A7A0 /* Info.plist */ = {isa = PBXFileReference; lastKnownFileType = text.plist.xml; path = Info.plist; sourceTree = "<group>"; };
		088D6D6529DDC72B0045C092 /* NumbersOption.swift */ = {isa = PBXFileReference; lastKnownFileType = sourcecode.swift; path = NumbersOption.swift; sourceTree = "<group>"; };
		088D6D6729DDC7AB0045C092 /* UserNumberView.swift */ = {isa = PBXFileReference; lastKnownFileType = sourcecode.swift; path = UserNumberView.swift; sourceTree = "<group>"; };
		088D6D6E29DDC83D0045C092 /* Constants.swift */ = {isa = PBXFileReference; lastKnownFileType = sourcecode.swift; path = Constants.swift; sourceTree = "<group>"; };
		088D6D7329DE09650045C092 /* UIButton+Selected.swift */ = {isa = PBXFileReference; lastKnownFileType = sourcecode.swift; path = "UIButton+Selected.swift"; sourceTree = "<group>"; };
		088D6D7729DE0A480045C092 /* RandomNumberView.swift */ = {isa = PBXFileReference; lastKnownFileType = sourcecode.swift; path = RandomNumberView.swift; sourceTree = "<group>"; };
		088D6D7A29DE0D6F0045C092 /* OpenSans-SemiBold.ttf */ = {isa = PBXFileReference; lastKnownFileType = file; path = "OpenSans-SemiBold.ttf"; sourceTree = "<group>"; };
		088D6D7B29DE0D6F0045C092 /* OpenSans-Regular.ttf */ = {isa = PBXFileReference; lastKnownFileType = file; path = "OpenSans-Regular.ttf"; sourceTree = "<group>"; };
		088D6D7F29DE110B0045C092 /* UIColor+CustomColors.swift */ = {isa = PBXFileReference; lastKnownFileType = sourcecode.swift; path = "UIColor+CustomColors.swift"; sourceTree = "<group>"; };
		088D6D8129DE13EC0045C092 /* UIView+Border.swift */ = {isa = PBXFileReference; lastKnownFileType = sourcecode.swift; path = "UIView+Border.swift"; sourceTree = "<group>"; };
		088D6D8529DE16390045C092 /* DefaultStyleLabel.swift */ = {isa = PBXFileReference; lastKnownFileType = sourcecode.swift; path = DefaultStyleLabel.swift; sourceTree = "<group>"; };
		088D6D8729DE168B0045C092 /* UIFont+CustomFonts.swift */ = {isa = PBXFileReference; fileEncoding = 4; lastKnownFileType = sourcecode.swift; path = "UIFont+CustomFonts.swift"; sourceTree = "<group>"; };
		088D6D8929DE1C110045C092 /* OperationButton.swift */ = {isa = PBXFileReference; lastKnownFileType = sourcecode.swift; path = OperationButton.swift; sourceTree = "<group>"; };
		088D6D8B29DE20860045C092 /* UIView+Shadow.swift */ = {isa = PBXFileReference; fileEncoding = 4; lastKnownFileType = sourcecode.swift; path = "UIView+Shadow.swift"; sourceTree = "<group>"; };
		088D6D8D29DE249F0045C092 /* NumberInRangeView.swift */ = {isa = PBXFileReference; lastKnownFileType = sourcecode.swift; path = NumberInRangeView.swift; sourceTree = "<group>"; };
		088D6D8F29DE24AA0045C092 /* MultipleNumbersView.swift */ = {isa = PBXFileReference; lastKnownFileType = sourcecode.swift; path = MultipleNumbersView.swift; sourceTree = "<group>"; };
		08BE8C5D29E0417800D3343D /* NetworkManager.swift */ = {isa = PBXFileReference; lastKnownFileType = sourcecode.swift; path = NetworkManager.swift; sourceTree = "<group>"; };
		08BE8C5F29E07DB900D3343D /* FactTableViewCell.swift */ = {isa = PBXFileReference; lastKnownFileType = sourcecode.swift; path = FactTableViewCell.swift; sourceTree = "<group>"; };
		08BE8C6129E080E500D3343D /* FactTableViewController.swift */ = {isa = PBXFileReference; lastKnownFileType = sourcecode.swift; path = FactTableViewController.swift; sourceTree = "<group>"; };
		08BE8C6329E0C03300D3343D /* UIView+BlurLoader.swift */ = {isa = PBXFileReference; lastKnownFileType = sourcecode.swift; path = "UIView+BlurLoader.swift"; sourceTree = "<group>"; };
		08BF7D9829E6C35F0071B7DC /* NumberFact.swift */ = {isa = PBXFileReference; lastKnownFileType = sourcecode.swift; path = NumberFact.swift; sourceTree = "<group>"; };
/* End PBXFileReference section */

/* Begin PBXFrameworksBuildPhase section */
		0830FA8E29E9849F00C949BA /* Frameworks */ = {
			isa = PBXFrameworksBuildPhase;
			buildActionMask = 2147483647;
			files = (
			);
			runOnlyForDeploymentPostprocessing = 0;
		};
		08897A6229DD941A0058A7A0 /* Frameworks */ = {
			isa = PBXFrameworksBuildPhase;
			buildActionMask = 2147483647;
			files = (
				086FC0F929DEEA9B00E7F99E /* SnapKit in Frameworks */,
			);
			runOnlyForDeploymentPostprocessing = 0;
		};
/* End PBXFrameworksBuildPhase section */

/* Begin PBXGroup section */
		0830FA9229E9849F00C949BA /* NumberologyTests */ = {
			isa = PBXGroup;
			children = (
				0830FA9329E9849F00C949BA /* NumberologyTests.swift */,
			);
			path = NumberologyTests;
			sourceTree = "<group>";
		};
		083E57C829E2D4AD007CBAE5 /* Errors */ = {
			isa = PBXGroup;
			children = (
				083E57C929E2D4C6007CBAE5 /* NetworkManagerError.swift */,
			);
			path = Errors;
			sourceTree = "<group>";
		};
		08897A5C29DD941A0058A7A0 = {
			isa = PBXGroup;
			children = (
				08897A6729DD941A0058A7A0 /* Numberology */,
				0830FA9229E9849F00C949BA /* NumberologyTests */,
				08897A6629DD941A0058A7A0 /* Products */,
			);
			sourceTree = "<group>";
		};
		08897A6629DD941A0058A7A0 /* Products */ = {
			isa = PBXGroup;
			children = (
				08897A6529DD941A0058A7A0 /* Numberology.app */,
				0830FA9129E9849F00C949BA /* NumberologyTests.xctest */,
			);
			name = Products;
			sourceTree = "<group>";
		};
		08897A6729DD941A0058A7A0 /* Numberology */ = {
			isa = PBXGroup;
			children = (
				08897A6829DD941A0058A7A0 /* AppDelegate.swift */,
				088D6D6E29DDC83D0045C092 /* Constants.swift */,
				088D6D6D29DDC7EE0045C092 /* Models */,
				088D6D6C29DDC7E90045C092 /* Views */,
				088D6D6A29DDC7E40045C092 /* Controllers */,
				088D6D7229DE08F70045C092 /* Extension */,
				083E57C829E2D4AD007CBAE5 /* Errors */,
				088D6D7E29DE0D890045C092 /* Resources */,
				08897A7C29DD979F0058A7A0 /* SupportingFiles */,
			);
			path = Numberology;
			sourceTree = "<group>";
		};
		08897A7C29DD979F0058A7A0 /* SupportingFiles */ = {
			isa = PBXGroup;
			children = (
				08897A7329DD941B0058A7A0 /* LaunchScreen.storyboard */,
				08897A7629DD941B0058A7A0 /* Info.plist */,
			);
			name = SupportingFiles;
			sourceTree = "<group>";
		};
		088D6D6A29DDC7E40045C092 /* Controllers */ = {
			isa = PBXGroup;
			children = (
				08897A6C29DD941A0058A7A0 /* NumbersViewController.swift */,
				08BE8C6129E080E500D3343D /* FactTableViewController.swift */,
			);
			path = Controllers;
			sourceTree = "<group>";
		};
		088D6D6C29DDC7E90045C092 /* Views */ = {
			isa = PBXGroup;
			children = (
				088D6D8929DE1C110045C092 /* OperationButton.swift */,
				088D6D8529DE16390045C092 /* DefaultStyleLabel.swift */,
				083E57BC29E1BC1A007CBAE5 /* Spacer.swift */,
				083E57C029E1C8FE007CBAE5 /* DicesView.swift */,
				086FC0FA29DF226200E7F99E /* NumberInputTextField.swift */,
				088D6D6729DDC7AB0045C092 /* UserNumberView.swift */,
				088D6D7729DE0A480045C092 /* RandomNumberView.swift */,
				088D6D8D29DE249F0045C092 /* NumberInRangeView.swift */,
				088D6D8F29DE24AA0045C092 /* MultipleNumbersView.swift */,
				083E57C229E20E06007CBAE5 /* DateNumbersView.swift */,
				08BE8C5F29E07DB900D3343D /* FactTableViewCell.swift */,
			);
			path = Views;
			sourceTree = "<group>";
		};
		088D6D6D29DDC7EE0045C092 /* Models */ = {
			isa = PBXGroup;
			children = (
				088D6D6529DDC72B0045C092 /* NumbersOption.swift */,
				083E57C629E2211A007CBAE5 /* Month.swift */,
				08BF7D9829E6C35F0071B7DC /* NumberFact.swift */,
				0830FA8B29E96FE500C949BA /* DateFact.swift */,
				08BE8C5D29E0417800D3343D /* NetworkManager.swift */,
			);
			path = Models;
			sourceTree = "<group>";
		};
		088D6D7229DE08F70045C092 /* Extension */ = {
			isa = PBXGroup;
			children = (
				088D6D7329DE09650045C092 /* UIButton+Selected.swift */,
				083E57BE29E1BDF0007CBAE5 /* UIViewController+Alert.swift */,
				088D6D7F29DE110B0045C092 /* UIColor+CustomColors.swift */,
				088D6D8729DE168B0045C092 /* UIFont+CustomFonts.swift */,
				088D6D8B29DE20860045C092 /* UIView+Shadow.swift */,
				088D6D8129DE13EC0045C092 /* UIView+Border.swift */,
				08BE8C6329E0C03300D3343D /* UIView+BlurLoader.swift */,
			);
			path = Extension;
			sourceTree = "<group>";
		};
		088D6D7929DE0D6F0045C092 /* Fonts */ = {
			isa = PBXGroup;
			children = (
				088D6D7A29DE0D6F0045C092 /* OpenSans-SemiBold.ttf */,
				088D6D7B29DE0D6F0045C092 /* OpenSans-Regular.ttf */,
			);
			path = Fonts;
			sourceTree = "<group>";
		};
		088D6D7E29DE0D890045C092 /* Resources */ = {
			isa = PBXGroup;
			children = (
				08897A7129DD941B0058A7A0 /* Assets.xcassets */,
				088D6D7929DE0D6F0045C092 /* Fonts */,
			);
			name = Resources;
			sourceTree = "<group>";
		};
/* End PBXGroup section */

/* Begin PBXNativeTarget section */
		0830FA9029E9849F00C949BA /* NumberologyTests */ = {
			isa = PBXNativeTarget;
			buildConfigurationList = 0830FA9929E9849F00C949BA /* Build configuration list for PBXNativeTarget "NumberologyTests" */;
			buildPhases = (
				0830FA8D29E9849F00C949BA /* Sources */,
				0830FA8E29E9849F00C949BA /* Frameworks */,
				0830FA8F29E9849F00C949BA /* Resources */,
			);
			buildRules = (
			);
			dependencies = (
				0830FA9629E9849F00C949BA /* PBXTargetDependency */,
			);
			name = NumberologyTests;
			productName = NumberologyTests;
			productReference = 0830FA9129E9849F00C949BA /* NumberologyTests.xctest */;
			productType = "com.apple.product-type.bundle.unit-test";
		};
		08897A6429DD941A0058A7A0 /* Numberology */ = {
			isa = PBXNativeTarget;
			buildConfigurationList = 08897A7929DD941B0058A7A0 /* Build configuration list for PBXNativeTarget "Numberology" */;
			buildPhases = (
				08897A8029DD9F7A0058A7A0 /* SwiftLint */,
				08897A6129DD941A0058A7A0 /* Sources */,
				08897A6229DD941A0058A7A0 /* Frameworks */,
				08897A6329DD941A0058A7A0 /* Resources */,
			);
			buildRules = (
			);
			dependencies = (
			);
			name = Numberology;
			packageProductDependencies = (
				086FC0F829DEEA9B00E7F99E /* SnapKit */,
			);
			productName = Numberology;
			productReference = 08897A6529DD941A0058A7A0 /* Numberology.app */;
			productType = "com.apple.product-type.application";
		};
/* End PBXNativeTarget section */

/* Begin PBXProject section */
		08897A5D29DD941A0058A7A0 /* Project object */ = {
			isa = PBXProject;
			attributes = {
				BuildIndependentTargetsInParallel = 1;
				LastSwiftUpdateCheck = 1430;
				LastUpgradeCheck = 1420;
				TargetAttributes = {
					0830FA9029E9849F00C949BA = {
						CreatedOnToolsVersion = 14.3;
						TestTargetID = 08897A6429DD941A0058A7A0;
					};
					08897A6429DD941A0058A7A0 = {
						CreatedOnToolsVersion = 14.2;
					};
				};
			};
			buildConfigurationList = 08897A6029DD941A0058A7A0 /* Build configuration list for PBXProject "Numberology" */;
			compatibilityVersion = "Xcode 14.0";
			developmentRegion = en;
			hasScannedForEncodings = 0;
			knownRegions = (
				en,
				Base,
			);
			mainGroup = 08897A5C29DD941A0058A7A0;
			packageReferences = (
				086FC0F729DEEA9B00E7F99E /* XCRemoteSwiftPackageReference "SnapKit" */,
			);
			productRefGroup = 08897A6629DD941A0058A7A0 /* Products */;
			projectDirPath = "";
			projectRoot = "";
			targets = (
				08897A6429DD941A0058A7A0 /* Numberology */,
				0830FA9029E9849F00C949BA /* NumberologyTests */,
			);
		};
/* End PBXProject section */

/* Begin PBXResourcesBuildPhase section */
		0830FA8F29E9849F00C949BA /* Resources */ = {
			isa = PBXResourcesBuildPhase;
			buildActionMask = 2147483647;
			files = (
			);
			runOnlyForDeploymentPostprocessing = 0;
		};
		08897A6329DD941A0058A7A0 /* Resources */ = {
			isa = PBXResourcesBuildPhase;
			buildActionMask = 2147483647;
			files = (
				08897A7529DD941B0058A7A0 /* LaunchScreen.storyboard in Resources */,
				088D6D7C29DE0D6F0045C092 /* OpenSans-SemiBold.ttf in Resources */,
				088D6D7D29DE0D6F0045C092 /* OpenSans-Regular.ttf in Resources */,
				08897A7229DD941B0058A7A0 /* Assets.xcassets in Resources */,
			);
			runOnlyForDeploymentPostprocessing = 0;
		};
/* End PBXResourcesBuildPhase section */

/* Begin PBXShellScriptBuildPhase section */
		08897A8029DD9F7A0058A7A0 /* SwiftLint */ = {
			isa = PBXShellScriptBuildPhase;
			alwaysOutOfDate = 1;
			buildActionMask = 2147483647;
			files = (
			);
			inputFileListPaths = (
			);
			inputPaths = (
			);
			name = SwiftLint;
			outputFileListPaths = (
			);
			outputPaths = (
			);
			runOnlyForDeploymentPostprocessing = 0;
			shellPath = /bin/sh;
			shellScript = "export PATH=\"$PATH:/opt/homebrew/bin\"\n\nif which swiftlint >/dev/null; then\n  swiftlint\nelse\n  echo \"warning: SwiftLint not installed, download from https://github.com/realm/SwiftLint\"\nfi\n";
		};
/* End PBXShellScriptBuildPhase section */

/* Begin PBXSourcesBuildPhase section */
		0830FA8D29E9849F00C949BA /* Sources */ = {
			isa = PBXSourcesBuildPhase;
			buildActionMask = 2147483647;
			files = (
				0830FA9429E9849F00C949BA /* NumberologyTests.swift in Sources */,
			);
			runOnlyForDeploymentPostprocessing = 0;
		};
		08897A6129DD941A0058A7A0 /* Sources */ = {
			isa = PBXSourcesBuildPhase;
			buildActionMask = 2147483647;
			files = (
				088D6D8C29DE20860045C092 /* UIView+Shadow.swift in Sources */,
				088D6D8A29DE1C110045C092 /* OperationButton.swift in Sources */,
				088D6D6F29DDC83D0045C092 /* Constants.swift in Sources */,
				08897A6D29DD941A0058A7A0 /* NumbersViewController.swift in Sources */,
				088D6D8629DE16390045C092 /* DefaultStyleLabel.swift in Sources */,
				088D6D8829DE168B0045C092 /* UIFont+CustomFonts.swift in Sources */,
				088D6D6629DDC72C0045C092 /* NumbersOption.swift in Sources */,
				083E57C129E1C8FE007CBAE5 /* DicesView.swift in Sources */,
				086FC0FB29DF226200E7F99E /* NumberInputTextField.swift in Sources */,
				0830FA8C29E96FE500C949BA /* DateFact.swift in Sources */,
				088D6D8029DE110B0045C092 /* UIColor+CustomColors.swift in Sources */,
				088D6D6829DDC7AB0045C092 /* UserNumberView.swift in Sources */,
				08BE8C5E29E0417800D3343D /* NetworkManager.swift in Sources */,
				088D6D9029DE24AA0045C092 /* MultipleNumbersView.swift in Sources */,
				083E57CA29E2D4C6007CBAE5 /* NetworkManagerError.swift in Sources */,
				08BF7D9929E6C35F0071B7DC /* NumberFact.swift in Sources */,
				083E57C329E20E06007CBAE5 /* DateNumbersView.swift in Sources */,
				083E57C729E2211B007CBAE5 /* Month.swift in Sources */,
				08BE8C6029E07DB900D3343D /* FactTableViewCell.swift in Sources */,
				08897A6929DD941A0058A7A0 /* AppDelegate.swift in Sources */,
				08BE8C6429E0C03300D3343D /* UIView+BlurLoader.swift in Sources */,
				083E57BF29E1BDF0007CBAE5 /* UIViewController+Alert.swift in Sources */,
				083E57BD29E1BC1A007CBAE5 /* Spacer.swift in Sources */,
				088D6D8E29DE249F0045C092 /* NumberInRangeView.swift in Sources */,
				088D6D7829DE0A480045C092 /* RandomNumberView.swift in Sources */,
				088D6D8229DE13EC0045C092 /* UIView+Border.swift in Sources */,
				08BE8C6229E080E500D3343D /* FactTableViewController.swift in Sources */,
				088D6D7429DE09650045C092 /* UIButton+Selected.swift in Sources */,
			);
			runOnlyForDeploymentPostprocessing = 0;
		};
/* End PBXSourcesBuildPhase section */

/* Begin PBXTargetDependency section */
		0830FA9629E9849F00C949BA /* PBXTargetDependency */ = {
			isa = PBXTargetDependency;
			target = 08897A6429DD941A0058A7A0 /* Numberology */;
			targetProxy = 0830FA9529E9849F00C949BA /* PBXContainerItemProxy */;
		};
/* End PBXTargetDependency section */

/* Begin PBXVariantGroup section */
		08897A7329DD941B0058A7A0 /* LaunchScreen.storyboard */ = {
			isa = PBXVariantGroup;
			children = (
				08897A7429DD941B0058A7A0 /* Base */,
			);
			name = LaunchScreen.storyboard;
			sourceTree = "<group>";
		};
/* End PBXVariantGroup section */

/* Begin XCBuildConfiguration section */
		0830FA9729E9849F00C949BA /* Debug */ = {
			isa = XCBuildConfiguration;
			buildSettings = {
				BUNDLE_LOADER = "$(TEST_HOST)";
				CODE_SIGN_STYLE = Automatic;
				CURRENT_PROJECT_VERSION = 1;
				DEVELOPMENT_TEAM = 9PF2GLF6PD;
				GENERATE_INFOPLIST_FILE = YES;
				IPHONEOS_DEPLOYMENT_TARGET = 16.4;
				MARKETING_VERSION = 1.0;
				PRODUCT_BUNDLE_IDENTIFIER = com.Beavean.NumberologyTests;
				PRODUCT_NAME = "$(TARGET_NAME)";
				SWIFT_EMIT_LOC_STRINGS = NO;
				SWIFT_VERSION = 5.0;
				TARGETED_DEVICE_FAMILY = "1,2";
				TEST_HOST = "$(BUILT_PRODUCTS_DIR)/Numberology.app/$(BUNDLE_EXECUTABLE_FOLDER_PATH)/Numberology";
			};
			name = Debug;
		};
		0830FA9829E9849F00C949BA /* Release */ = {
			isa = XCBuildConfiguration;
			buildSettings = {
				BUNDLE_LOADER = "$(TEST_HOST)";
				CODE_SIGN_STYLE = Automatic;
				CURRENT_PROJECT_VERSION = 1;
				DEVELOPMENT_TEAM = 9PF2GLF6PD;
				GENERATE_INFOPLIST_FILE = YES;
				IPHONEOS_DEPLOYMENT_TARGET = 16.4;
				MARKETING_VERSION = 1.0;
				PRODUCT_BUNDLE_IDENTIFIER = com.Beavean.NumberologyTests;
				PRODUCT_NAME = "$(TARGET_NAME)";
				SWIFT_EMIT_LOC_STRINGS = NO;
				SWIFT_VERSION = 5.0;
				TARGETED_DEVICE_FAMILY = "1,2";
				TEST_HOST = "$(BUILT_PRODUCTS_DIR)/Numberology.app/$(BUNDLE_EXECUTABLE_FOLDER_PATH)/Numberology";
			};
			name = Release;
		};
		08897A7729DD941B0058A7A0 /* Debug */ = {
			isa = XCBuildConfiguration;
			buildSettings = {
				ALWAYS_SEARCH_USER_PATHS = NO;
				CLANG_ANALYZER_NONNULL = YES;
				CLANG_ANALYZER_NUMBER_OBJECT_CONVERSION = YES_AGGRESSIVE;
				CLANG_CXX_LANGUAGE_STANDARD = "gnu++20";
				CLANG_ENABLE_MODULES = YES;
				CLANG_ENABLE_OBJC_ARC = YES;
				CLANG_ENABLE_OBJC_WEAK = YES;
				CLANG_WARN_BLOCK_CAPTURE_AUTORELEASING = YES;
				CLANG_WARN_BOOL_CONVERSION = YES;
				CLANG_WARN_COMMA = YES;
				CLANG_WARN_CONSTANT_CONVERSION = YES;
				CLANG_WARN_DEPRECATED_OBJC_IMPLEMENTATIONS = YES;
				CLANG_WARN_DIRECT_OBJC_ISA_USAGE = YES_ERROR;
				CLANG_WARN_DOCUMENTATION_COMMENTS = YES;
				CLANG_WARN_EMPTY_BODY = YES;
				CLANG_WARN_ENUM_CONVERSION = YES;
				CLANG_WARN_INFINITE_RECURSION = YES;
				CLANG_WARN_INT_CONVERSION = YES;
				CLANG_WARN_NON_LITERAL_NULL_CONVERSION = YES;
				CLANG_WARN_OBJC_IMPLICIT_RETAIN_SELF = YES;
				CLANG_WARN_OBJC_LITERAL_CONVERSION = YES;
				CLANG_WARN_OBJC_ROOT_CLASS = YES_ERROR;
				CLANG_WARN_QUOTED_INCLUDE_IN_FRAMEWORK_HEADER = YES;
				CLANG_WARN_RANGE_LOOP_ANALYSIS = YES;
				CLANG_WARN_STRICT_PROTOTYPES = YES;
				CLANG_WARN_SUSPICIOUS_MOVE = YES;
				CLANG_WARN_UNGUARDED_AVAILABILITY = YES_AGGRESSIVE;
				CLANG_WARN_UNREACHABLE_CODE = YES;
				CLANG_WARN__DUPLICATE_METHOD_MATCH = YES;
				COPY_PHASE_STRIP = NO;
				DEBUG_INFORMATION_FORMAT = dwarf;
				ENABLE_STRICT_OBJC_MSGSEND = YES;
				ENABLE_TESTABILITY = YES;
				GCC_C_LANGUAGE_STANDARD = gnu11;
				GCC_DYNAMIC_NO_PIC = NO;
				GCC_NO_COMMON_BLOCKS = YES;
				GCC_OPTIMIZATION_LEVEL = 0;
				GCC_PREPROCESSOR_DEFINITIONS = (
					"DEBUG=1",
					"$(inherited)",
				);
				GCC_WARN_64_TO_32_BIT_CONVERSION = YES;
				GCC_WARN_ABOUT_RETURN_TYPE = YES_ERROR;
				GCC_WARN_UNDECLARED_SELECTOR = YES;
				GCC_WARN_UNINITIALIZED_AUTOS = YES_AGGRESSIVE;
				GCC_WARN_UNUSED_FUNCTION = YES;
				GCC_WARN_UNUSED_VARIABLE = YES;
				IPHONEOS_DEPLOYMENT_TARGET = 16.2;
				MTL_ENABLE_DEBUG_INFO = INCLUDE_SOURCE;
				MTL_FAST_MATH = YES;
				ONLY_ACTIVE_ARCH = YES;
				SDKROOT = iphoneos;
				SWIFT_ACTIVE_COMPILATION_CONDITIONS = DEBUG;
				SWIFT_OPTIMIZATION_LEVEL = "-Onone";
			};
			name = Debug;
		};
		08897A7829DD941B0058A7A0 /* Release */ = {
			isa = XCBuildConfiguration;
			buildSettings = {
				ALWAYS_SEARCH_USER_PATHS = NO;
				CLANG_ANALYZER_NONNULL = YES;
				CLANG_ANALYZER_NUMBER_OBJECT_CONVERSION = YES_AGGRESSIVE;
				CLANG_CXX_LANGUAGE_STANDARD = "gnu++20";
				CLANG_ENABLE_MODULES = YES;
				CLANG_ENABLE_OBJC_ARC = YES;
				CLANG_ENABLE_OBJC_WEAK = YES;
				CLANG_WARN_BLOCK_CAPTURE_AUTORELEASING = YES;
				CLANG_WARN_BOOL_CONVERSION = YES;
				CLANG_WARN_COMMA = YES;
				CLANG_WARN_CONSTANT_CONVERSION = YES;
				CLANG_WARN_DEPRECATED_OBJC_IMPLEMENTATIONS = YES;
				CLANG_WARN_DIRECT_OBJC_ISA_USAGE = YES_ERROR;
				CLANG_WARN_DOCUMENTATION_COMMENTS = YES;
				CLANG_WARN_EMPTY_BODY = YES;
				CLANG_WARN_ENUM_CONVERSION = YES;
				CLANG_WARN_INFINITE_RECURSION = YES;
				CLANG_WARN_INT_CONVERSION = YES;
				CLANG_WARN_NON_LITERAL_NULL_CONVERSION = YES;
				CLANG_WARN_OBJC_IMPLICIT_RETAIN_SELF = YES;
				CLANG_WARN_OBJC_LITERAL_CONVERSION = YES;
				CLANG_WARN_OBJC_ROOT_CLASS = YES_ERROR;
				CLANG_WARN_QUOTED_INCLUDE_IN_FRAMEWORK_HEADER = YES;
				CLANG_WARN_RANGE_LOOP_ANALYSIS = YES;
				CLANG_WARN_STRICT_PROTOTYPES = YES;
				CLANG_WARN_SUSPICIOUS_MOVE = YES;
				CLANG_WARN_UNGUARDED_AVAILABILITY = YES_AGGRESSIVE;
				CLANG_WARN_UNREACHABLE_CODE = YES;
				CLANG_WARN__DUPLICATE_METHOD_MATCH = YES;
				COPY_PHASE_STRIP = NO;
				DEBUG_INFORMATION_FORMAT = "dwarf-with-dsym";
				ENABLE_NS_ASSERTIONS = NO;
				ENABLE_STRICT_OBJC_MSGSEND = YES;
				GCC_C_LANGUAGE_STANDARD = gnu11;
				GCC_NO_COMMON_BLOCKS = YES;
				GCC_WARN_64_TO_32_BIT_CONVERSION = YES;
				GCC_WARN_ABOUT_RETURN_TYPE = YES_ERROR;
				GCC_WARN_UNDECLARED_SELECTOR = YES;
				GCC_WARN_UNINITIALIZED_AUTOS = YES_AGGRESSIVE;
				GCC_WARN_UNUSED_FUNCTION = YES;
				GCC_WARN_UNUSED_VARIABLE = YES;
				IPHONEOS_DEPLOYMENT_TARGET = 16.2;
				MTL_ENABLE_DEBUG_INFO = NO;
				MTL_FAST_MATH = YES;
				SDKROOT = iphoneos;
				SWIFT_COMPILATION_MODE = wholemodule;
				SWIFT_OPTIMIZATION_LEVEL = "-O";
				VALIDATE_PRODUCT = YES;
			};
			name = Release;
		};
		08897A7A29DD941B0058A7A0 /* Debug */ = {
			isa = XCBuildConfiguration;
			buildSettings = {
				ASSETCATALOG_COMPILER_APPICON_NAME = AppIcon;
				ASSETCATALOG_COMPILER_GLOBAL_ACCENT_COLOR_NAME = AccentColor;
				CODE_SIGN_STYLE = Automatic;
				CURRENT_PROJECT_VERSION = 1;
				DEVELOPMENT_TEAM = 9PF2GLF6PD;
				GENERATE_INFOPLIST_FILE = YES;
				INFOPLIST_FILE = Numberology/Info.plist;
				INFOPLIST_KEY_LSApplicationCategoryType = "";
				INFOPLIST_KEY_UILaunchStoryboardName = LaunchScreen;
				INFOPLIST_KEY_UISupportedInterfaceOrientations = UIInterfaceOrientationPortrait;
				IPHONEOS_DEPLOYMENT_TARGET = 13.0;
				LD_RUNPATH_SEARCH_PATHS = (
					"$(inherited)",
					"@executable_path/Frameworks",
				);
				MARKETING_VERSION = 1.0;
				PRODUCT_BUNDLE_IDENTIFIER = com.Beavean.Numberology;
				PRODUCT_NAME = "$(TARGET_NAME)";
				SUPPORTED_PLATFORMS = "iphoneos iphonesimulator";
				SUPPORTS_MACCATALYST = NO;
				SUPPORTS_MAC_DESIGNED_FOR_IPHONE_IPAD = NO;
				SWIFT_EMIT_LOC_STRINGS = YES;
				SWIFT_VERSION = 5.0;
				TARGETED_DEVICE_FAMILY = 1;
			};
			name = Debug;
		};
		08897A7B29DD941B0058A7A0 /* Release */ = {
			isa = XCBuildConfiguration;
			buildSettings = {
				ASSETCATALOG_COMPILER_APPICON_NAME = AppIcon;
				ASSETCATALOG_COMPILER_GLOBAL_ACCENT_COLOR_NAME = AccentColor;
				CODE_SIGN_STYLE = Automatic;
				CURRENT_PROJECT_VERSION = 1;
				DEVELOPMENT_TEAM = 9PF2GLF6PD;
				GENERATE_INFOPLIST_FILE = YES;
				INFOPLIST_FILE = Numberology/Info.plist;
				INFOPLIST_KEY_LSApplicationCategoryType = "";
				INFOPLIST_KEY_UILaunchStoryboardName = LaunchScreen;
				INFOPLIST_KEY_UISupportedInterfaceOrientations = UIInterfaceOrientationPortrait;
				IPHONEOS_DEPLOYMENT_TARGET = 13.0;
				LD_RUNPATH_SEARCH_PATHS = (
					"$(inherited)",
					"@executable_path/Frameworks",
				);
				MARKETING_VERSION = 1.0;
				PRODUCT_BUNDLE_IDENTIFIER = com.Beavean.Numberology;
				PRODUCT_NAME = "$(TARGET_NAME)";
				SUPPORTED_PLATFORMS = "iphoneos iphonesimulator";
				SUPPORTS_MACCATALYST = NO;
				SUPPORTS_MAC_DESIGNED_FOR_IPHONE_IPAD = NO;
				SWIFT_EMIT_LOC_STRINGS = YES;
				SWIFT_VERSION = 5.0;
				TARGETED_DEVICE_FAMILY = 1;
			};
			name = Release;
		};
/* End XCBuildConfiguration section */

/* Begin XCConfigurationList section */
		0830FA9929E9849F00C949BA /* Build configuration list for PBXNativeTarget "NumberologyTests" */ = {
			isa = XCConfigurationList;
			buildConfigurations = (
				0830FA9729E9849F00C949BA /* Debug */,
				0830FA9829E9849F00C949BA /* Release */,
			);
			defaultConfigurationIsVisible = 0;
			defaultConfigurationName = Release;
		};
		08897A6029DD941A0058A7A0 /* Build configuration list for PBXProject "Numberology" */ = {
			isa = XCConfigurationList;
			buildConfigurations = (
				08897A7729DD941B0058A7A0 /* Debug */,
				08897A7829DD941B0058A7A0 /* Release */,
			);
			defaultConfigurationIsVisible = 0;
			defaultConfigurationName = Release;
		};
		08897A7929DD941B0058A7A0 /* Build configuration list for PBXNativeTarget "Numberology" */ = {
			isa = XCConfigurationList;
			buildConfigurations = (
				08897A7A29DD941B0058A7A0 /* Debug */,
				08897A7B29DD941B0058A7A0 /* Release */,
			);
			defaultConfigurationIsVisible = 0;
			defaultConfigurationName = Release;
		};
/* End XCConfigurationList section */

/* Begin XCRemoteSwiftPackageReference section */
		086FC0F729DEEA9B00E7F99E /* XCRemoteSwiftPackageReference "SnapKit" */ = {
			isa = XCRemoteSwiftPackageReference;
			repositoryURL = "https://github.com/SnapKit/SnapKit";
			requirement = {
				kind = upToNextMinorVersion;
				minimumVersion = 5.6.0;
			};
		};
/* End XCRemoteSwiftPackageReference section */

/* Begin XCSwiftPackageProductDependency section */
		086FC0F829DEEA9B00E7F99E /* SnapKit */ = {
			isa = XCSwiftPackageProductDependency;
			package = 086FC0F729DEEA9B00E7F99E /* XCRemoteSwiftPackageReference "SnapKit" */;
			productName = SnapKit;
		};
/* End XCSwiftPackageProductDependency section */
	};
	rootObject = 08897A5D29DD941A0058A7A0 /* Project object */;
}
